
Microsoft Visual Studio Solution File, Format Version 12.00
# Visual Studio 14
VisualStudioVersion = 14.0.25123.0
MinimumVisualStudioVersion = 10.0.40219.1
Project("{FAE04EC0-301F-11D3-BF4B-00C04F79EFBC}") = "ICA15_Polyballs", "ICA15_Polyballs\ICA15_Polyballs.csproj", "{BE52A44A-008B-4C71-A3FF-70A7CCA009E4}"
EndProject
Global
	GlobalSection(SubversionScc) = preSolution
		Svn-Managed = True
		Manager = AnkhSVN - Subversion Support for Visual Studio
	EndGlobalSection
	GlobalSection(SolutionConfigurationPlatforms) = preSolution
		Debug|Any CPU = Debug|Any CPU
		Release|Any CPU = Release|Any CPU
	EndGlobalSection
	GlobalSection(ProjectConfigurationPlatforms) = postSolution
		{BE52A44A-008B-4C71-A3FF-70A7CCA009E4}.Debug|Any CPU.ActiveCfg = Debug|Any CPU
		{BE52A44A-008B-4C71-A3FF-70A7CCA009E4}.Debug|Any CPU.Build.0 = Debug|Any CPU
		{BE52A44A-008B-4C71-A3FF-70A7CCA009E4}.Release|Any CPU.ActiveCfg = Release|Any CPU
		{BE52A44A-008B-4C71-A3FF-70A7CCA009E4}.Release|Any CPU.Build.0 = Release|Any CPU
	EndGlobalSection
	GlobalSection(SolutionProperties) = preSolution
		HideSolutionNode = FALSE
	EndGlobalSection
EndGlobal
